
Microsoft Visual Studio Solution File, Format Version 12.00
# Visual Studio Version 17
VisualStudioVersion = 17.9.34723.18
MinimumVisualStudioVersion = 10.0.40219.1
Project("{FAE04EC0-301F-11D3-BF4B-00C04F79EFBC}") = "Dartz-API", ".\dartz-api\Dartz-API.csproj", "{8FBEA062-E6E1-43D2-B27F-5D7844416595}"
EndProject
Project("{FAE04EC0-301F-11D3-BF4B-00C04F79EFBC}") = "Dartz.Service", ".\Service\Dartz.Service.csproj", "{9C823251-7726-47D2-9CBB-11B3D989E54B}"
EndProject
Project("{FAE04EC0-301F-11D3-BF4B-00C04F79EFBC}") = "Dartz.Model", ".\Dartz.Model\Dartz.Model.csproj", "{CAD8459D-4B12-4532-A62B-4DE7C2A2CF1B}"
EndProject
Project("{FAE04EC0-301F-11D3-BF4B-00C04F79EFBC}") = "Dartz.Business", ".\Dartz.Business\Dartz.Business.csproj", "{C54174F3-62FF-435F-9E96-FC36A9F7E7BE}"
EndProject
Project("{FAE04EC0-301F-11D3-BF4B-00C04F79EFBC}") = "Dartz.GameServer", "Dartz.GameServer\Dartz.GameServer.csproj", "{4B8E769B-377C-4BFD-8C15-CA019DE61E72}"
EndProject
Project("{FAE04EC0-301F-11D3-BF4B-00C04F79EFBC}") = "Dartz.GameServer.Tests", "Dartz.GameServer.Tests\Dartz.GameServer.Tests.csproj", "{CF63688F-DDA9-477A-B221-F5966FF70C24}"
EndProject
Global
	GlobalSection(SolutionConfigurationPlatforms) = preSolution
		Debug|Any CPU = Debug|Any CPU
		Debug|x64 = Debug|x64
		Debug|x86 = Debug|x86
		Release|Any CPU = Release|Any CPU
		Release|x64 = Release|x64
		Release|x86 = Release|x86
	EndGlobalSection
	GlobalSection(ProjectConfigurationPlatforms) = postSolution
		{8FBEA062-E6E1-43D2-B27F-5D7844416595}.Debug|Any CPU.ActiveCfg = Debug|Any CPU
		{8FBEA062-E6E1-43D2-B27F-5D7844416595}.Debug|Any CPU.Build.0 = Debug|Any CPU
		{8FBEA062-E6E1-43D2-B27F-5D7844416595}.Debug|x64.ActiveCfg = Debug|Any CPU
		{8FBEA062-E6E1-43D2-B27F-5D7844416595}.Debug|x64.Build.0 = Debug|Any CPU
		{8FBEA062-E6E1-43D2-B27F-5D7844416595}.Debug|x86.ActiveCfg = Debug|Any CPU
		{8FBEA062-E6E1-43D2-B27F-5D7844416595}.Debug|x86.Build.0 = Debug|Any CPU
		{8FBEA062-E6E1-43D2-B27F-5D7844416595}.Release|Any CPU.ActiveCfg = Release|Any CPU
		{8FBEA062-E6E1-43D2-B27F-5D7844416595}.Release|Any CPU.Build.0 = Release|Any CPU
		{8FBEA062-E6E1-43D2-B27F-5D7844416595}.Release|x64.ActiveCfg = Release|Any CPU
		{8FBEA062-E6E1-43D2-B27F-5D7844416595}.Release|x64.Build.0 = Release|Any CPU
		{8FBEA062-E6E1-43D2-B27F-5D7844416595}.Release|x86.ActiveCfg = Release|Any CPU
		{8FBEA062-E6E1-43D2-B27F-5D7844416595}.Release|x86.Build.0 = Release|Any CPU
		{9C823251-7726-47D2-9CBB-11B3D989E54B}.Debug|Any CPU.ActiveCfg = Debug|Any CPU
		{9C823251-7726-47D2-9CBB-11B3D989E54B}.Debug|Any CPU.Build.0 = Debug|Any CPU
		{9C823251-7726-47D2-9CBB-11B3D989E54B}.Debug|x64.ActiveCfg = Debug|Any CPU
		{9C823251-7726-47D2-9CBB-11B3D989E54B}.Debug|x64.Build.0 = Debug|Any CPU
		{9C823251-7726-47D2-9CBB-11B3D989E54B}.Debug|x86.ActiveCfg = Debug|Any CPU
		{9C823251-7726-47D2-9CBB-11B3D989E54B}.Debug|x86.Build.0 = Debug|Any CPU
		{9C823251-7726-47D2-9CBB-11B3D989E54B}.Release|Any CPU.ActiveCfg = Release|Any CPU
		{9C823251-7726-47D2-9CBB-11B3D989E54B}.Release|Any CPU.Build.0 = Release|Any CPU
		{9C823251-7726-47D2-9CBB-11B3D989E54B}.Release|x64.ActiveCfg = Release|Any CPU
		{9C823251-7726-47D2-9CBB-11B3D989E54B}.Release|x64.Build.0 = Release|Any CPU
		{9C823251-7726-47D2-9CBB-11B3D989E54B}.Release|x86.ActiveCfg = Release|Any CPU
		{9C823251-7726-47D2-9CBB-11B3D989E54B}.Release|x86.Build.0 = Release|Any CPU
		{CAD8459D-4B12-4532-A62B-4DE7C2A2CF1B}.Debug|Any CPU.ActiveCfg = Debug|Any CPU
		{CAD8459D-4B12-4532-A62B-4DE7C2A2CF1B}.Debug|Any CPU.Build.0 = Debug|Any CPU
		{CAD8459D-4B12-4532-A62B-4DE7C2A2CF1B}.Debug|x64.ActiveCfg = Debug|Any CPU
		{CAD8459D-4B12-4532-A62B-4DE7C2A2CF1B}.Debug|x64.Build.0 = Debug|Any CPU
		{CAD8459D-4B12-4532-A62B-4DE7C2A2CF1B}.Debug|x86.ActiveCfg = Debug|Any CPU
		{CAD8459D-4B12-4532-A62B-4DE7C2A2CF1B}.Debug|x86.Build.0 = Debug|Any CPU
		{CAD8459D-4B12-4532-A62B-4DE7C2A2CF1B}.Release|Any CPU.ActiveCfg = Release|Any CPU
		{CAD8459D-4B12-4532-A62B-4DE7C2A2CF1B}.Release|Any CPU.Build.0 = Release|Any CPU
		{CAD8459D-4B12-4532-A62B-4DE7C2A2CF1B}.Release|x64.ActiveCfg = Release|Any CPU
		{CAD8459D-4B12-4532-A62B-4DE7C2A2CF1B}.Release|x64.Build.0 = Release|Any CPU
		{CAD8459D-4B12-4532-A62B-4DE7C2A2CF1B}.Release|x86.ActiveCfg = Release|Any CPU
		{CAD8459D-4B12-4532-A62B-4DE7C2A2CF1B}.Release|x86.Build.0 = Release|Any CPU
		{C54174F3-62FF-435F-9E96-FC36A9F7E7BE}.Debug|Any CPU.ActiveCfg = Debug|Any CPU
		{C54174F3-62FF-435F-9E96-FC36A9F7E7BE}.Debug|Any CPU.Build.0 = Debug|Any CPU
		{C54174F3-62FF-435F-9E96-FC36A9F7E7BE}.Debug|x64.ActiveCfg = Debug|Any CPU
		{C54174F3-62FF-435F-9E96-FC36A9F7E7BE}.Debug|x64.Build.0 = Debug|Any CPU
		{C54174F3-62FF-435F-9E96-FC36A9F7E7BE}.Debug|x86.ActiveCfg = Debug|Any CPU
		{C54174F3-62FF-435F-9E96-FC36A9F7E7BE}.Debug|x86.Build.0 = Debug|Any CPU
		{C54174F3-62FF-435F-9E96-FC36A9F7E7BE}.Release|Any CPU.ActiveCfg = Release|Any CPU
		{C54174F3-62FF-435F-9E96-FC36A9F7E7BE}.Release|Any CPU.Build.0 = Release|Any CPU
		{C54174F3-62FF-435F-9E96-FC36A9F7E7BE}.Release|x64.ActiveCfg = Release|Any CPU
		{C54174F3-62FF-435F-9E96-FC36A9F7E7BE}.Release|x64.Build.0 = Release|Any CPU
		{C54174F3-62FF-435F-9E96-FC36A9F7E7BE}.Release|x86.ActiveCfg = Release|Any CPU
		{C54174F3-62FF-435F-9E96-FC36A9F7E7BE}.Release|x86.Build.0 = Release|Any CPU
		{4B8E769B-377C-4BFD-8C15-CA019DE61E72}.Debug|Any CPU.ActiveCfg = Debug|Any CPU
		{4B8E769B-377C-4BFD-8C15-CA019DE61E72}.Debug|Any CPU.Build.0 = Debug|Any CPU
		{4B8E769B-377C-4BFD-8C15-CA019DE61E72}.Debug|x64.ActiveCfg = Debug|Any CPU
		{4B8E769B-377C-4BFD-8C15-CA019DE61E72}.Debug|x64.Build.0 = Debug|Any CPU
		{4B8E769B-377C-4BFD-8C15-CA019DE61E72}.Debug|x86.ActiveCfg = Debug|Any CPU
		{4B8E769B-377C-4BFD-8C15-CA019DE61E72}.Debug|x86.Build.0 = Debug|Any CPU
		{4B8E769B-377C-4BFD-8C15-CA019DE61E72}.Release|Any CPU.ActiveCfg = Release|Any CPU
		{4B8E769B-377C-4BFD-8C15-CA019DE61E72}.Release|Any CPU.Build.0 = Release|Any CPU
		{4B8E769B-377C-4BFD-8C15-CA019DE61E72}.Release|x64.ActiveCfg = Release|Any CPU
		{4B8E769B-377C-4BFD-8C15-CA019DE61E72}.Release|x64.Build.0 = Release|Any CPU
		{4B8E769B-377C-4BFD-8C15-CA019DE61E72}.Release|x86.ActiveCfg = Release|Any CPU
		{4B8E769B-377C-4BFD-8C15-CA019DE61E72}.Release|x86.Build.0 = Release|Any CPU
		{CF63688F-DDA9-477A-B221-F5966FF70C24}.Debug|Any CPU.ActiveCfg = Debug|Any CPU
		{CF63688F-DDA9-477A-B221-F5966FF70C24}.Debug|Any CPU.Build.0 = Debug|Any CPU
		{CF63688F-DDA9-477A-B221-F5966FF70C24}.Debug|x64.ActiveCfg = Debug|Any CPU
		{CF63688F-DDA9-477A-B221-F5966FF70C24}.Debug|x64.Build.0 = Debug|Any CPU
		{CF63688F-DDA9-477A-B221-F5966FF70C24}.Debug|x86.ActiveCfg = Debug|Any CPU
		{CF63688F-DDA9-477A-B221-F5966FF70C24}.Debug|x86.Build.0 = Debug|Any CPU
		{CF63688F-DDA9-477A-B221-F5966FF70C24}.Release|Any CPU.ActiveCfg = Release|Any CPU
		{CF63688F-DDA9-477A-B221-F5966FF70C24}.Release|Any CPU.Build.0 = Release|Any CPU
		{CF63688F-DDA9-477A-B221-F5966FF70C24}.Release|x64.ActiveCfg = Release|Any CPU
		{CF63688F-DDA9-477A-B221-F5966FF70C24}.Release|x64.Build.0 = Release|Any CPU
		{CF63688F-DDA9-477A-B221-F5966FF70C24}.Release|x86.ActiveCfg = Release|Any CPU
		{CF63688F-DDA9-477A-B221-F5966FF70C24}.Release|x86.Build.0 = Release|Any CPU
	EndGlobalSection
	GlobalSection(SolutionProperties) = preSolution
		HideSolutionNode = FALSE
	EndGlobalSection
	GlobalSection(ExtensibilityGlobals) = postSolution
		SolutionGuid = {5361892C-D6B4-4C65-A6D5-AD7E4EE2F186}
	EndGlobalSection
EndGlobal
